
Microsoft Visual Studio Solution File, Format Version 12.00
# Visual Studio Version 17
VisualStudioVersion = 17.11.35327.3
MinimumVisualStudioVersion = 10.0.40219.1
Project("{FAE04EC0-301F-11D3-BF4B-00C04F79EFBC}") = "data-comparator", "data-comparator\data-comparator.csproj", "{2311C7AA-6ABC-444B-A829-D6029DCC5DF5}"
EndProject
Global
	GlobalSection(SolutionConfigurationPlatforms) = preSolution
		Debug|Any CPU = Debug|Any CPU
		Release|Any CPU = Release|Any CPU
	EndGlobalSection
	GlobalSection(ProjectConfigurationPlatforms) = postSolution
		{2311C7AA-6ABC-444B-A829-D6029DCC5DF5}.Debug|Any CPU.ActiveCfg = Debug|Any CPU
		{2311C7AA-6ABC-444B-A829-D6029DCC5DF5}.Debug|Any CPU.Build.0 = Debug|Any CPU
		{2311C7AA-6ABC-444B-A829-D6029DCC5DF5}.Release|Any CPU.ActiveCfg = Release|Any CPU
		{2311C7AA-6ABC-444B-A829-D6029DCC5DF5}.Release|Any CPU.Build.0 = Release|Any CPU
	EndGlobalSection
	GlobalSection(SolutionProperties) = preSolution
		HideSolutionNode = FALSE
	EndGlobalSection
	GlobalSection(ExtensibilityGlobals) = postSolution
		SolutionGuid = {90835F71-724B-4559-A8CB-DE980198FD8B}
	EndGlobalSection
EndGlobal
